
Microsoft Visual Studio Solution File, Format Version 12.00
# Visual Studio Version 17
VisualStudioVersion = 17.5.33530.505
MinimumVisualStudioVersion = 10.0.40219.1
Project("{FAE04EC0-301F-11D3-BF4B-00C04F79EFBC}") = "PROG7312_Part2", "PROG7312_Part2\PROG7312_Part2.csproj", "{D89E6A89-3CE0-4825-94D4-ECEF3CC8441D}"
EndProject
Global
	GlobalSection(SolutionConfigurationPlatforms) = preSolution
		Debug|Any CPU = Debug|Any CPU
		Release|Any CPU = Release|Any CPU
	EndGlobalSection
	GlobalSection(ProjectConfigurationPlatforms) = postSolution
		{D89E6A89-3CE0-4825-94D4-ECEF3CC8441D}.Debug|Any CPU.ActiveCfg = Debug|Any CPU
		{D89E6A89-3CE0-4825-94D4-ECEF3CC8441D}.Debug|Any CPU.Build.0 = Debug|Any CPU
		{D89E6A89-3CE0-4825-94D4-ECEF3CC8441D}.Release|Any CPU.ActiveCfg = Release|Any CPU
		{D89E6A89-3CE0-4825-94D4-ECEF3CC8441D}.Release|Any CPU.Build.0 = Release|Any CPU
	EndGlobalSection
	GlobalSection(SolutionProperties) = preSolution
		HideSolutionNode = FALSE
	EndGlobalSection
	GlobalSection(ExtensibilityGlobals) = postSolution
		SolutionGuid = {FD4C7579-A61B-42A9-902A-17F24F9F5F92}
	EndGlobalSection
EndGlobal
